
Microsoft Visual Studio Solution File, Format Version 12.00
# Visual Studio Version 17
VisualStudioVersion = 17.8.34601.278
MinimumVisualStudioVersion = 10.0.40219.1
Project("{2150E333-8FDC-42A3-9474-1A3956D46DE8}") = "src", "src", "{84BC87D1-38B9-4B8E-8DCA-48BC3F036694}"
EndProject
Project("{9A19103F-16F7-4668-BE54-9A1E7A4F7556}") = "Data", "src\Data\Data.csproj", "{409FFD60-3D14-4D34-8186-27DAD9C1AEDA}"
EndProject
Project("{9A19103F-16F7-4668-BE54-9A1E7A4F7556}") = "Domain", "src\Domain\Domain.csproj", "{E401A93F-CED7-454C-B12E-C913A909B18D}"
EndProject
Project("{9A19103F-16F7-4668-BE54-9A1E7A4F7556}") = "Infrastructure", "src\Infrastructure\Infrastructure.csproj", "{7FB20BE4-4731-459F-8EEA-536BEF5BFD47}"
EndProject
Project("{9A19103F-16F7-4668-BE54-9A1E7A4F7556}") = "OeuilDeSauron", "src\OeuilDeSauron\OeuilDeSauron.csproj", "{146FBB48-5B36-40C6-BB83-B9E994DE72F1}"
EndProject
Project("{FAE04EC0-301F-11D3-BF4B-00C04F79EFBC}") = "Models", "Models\Models.csproj", "{559D2B79-EC59-46E9-B0AD-7E55338394C1}"
EndProject
Global
	GlobalSection(SolutionConfigurationPlatforms) = preSolution
		Debug|Any CPU = Debug|Any CPU
		Debug|x64 = Debug|x64
		Debug|x86 = Debug|x86
		Release|Any CPU = Release|Any CPU
		Release|x64 = Release|x64
		Release|x86 = Release|x86
	EndGlobalSection
	GlobalSection(ProjectConfigurationPlatforms) = postSolution
		{409FFD60-3D14-4D34-8186-27DAD9C1AEDA}.Debug|Any CPU.ActiveCfg = Debug|Any CPU
		{409FFD60-3D14-4D34-8186-27DAD9C1AEDA}.Debug|Any CPU.Build.0 = Debug|Any CPU
		{409FFD60-3D14-4D34-8186-27DAD9C1AEDA}.Debug|x64.ActiveCfg = Debug|Any CPU
		{409FFD60-3D14-4D34-8186-27DAD9C1AEDA}.Debug|x64.Build.0 = Debug|Any CPU
		{409FFD60-3D14-4D34-8186-27DAD9C1AEDA}.Debug|x86.ActiveCfg = Debug|Any CPU
		{409FFD60-3D14-4D34-8186-27DAD9C1AEDA}.Debug|x86.Build.0 = Debug|Any CPU
		{409FFD60-3D14-4D34-8186-27DAD9C1AEDA}.Release|Any CPU.ActiveCfg = Release|Any CPU
		{409FFD60-3D14-4D34-8186-27DAD9C1AEDA}.Release|Any CPU.Build.0 = Release|Any CPU
		{409FFD60-3D14-4D34-8186-27DAD9C1AEDA}.Release|x64.ActiveCfg = Release|Any CPU
		{409FFD60-3D14-4D34-8186-27DAD9C1AEDA}.Release|x64.Build.0 = Release|Any CPU
		{409FFD60-3D14-4D34-8186-27DAD9C1AEDA}.Release|x86.ActiveCfg = Release|Any CPU
		{409FFD60-3D14-4D34-8186-27DAD9C1AEDA}.Release|x86.Build.0 = Release|Any CPU
		{E401A93F-CED7-454C-B12E-C913A909B18D}.Debug|Any CPU.ActiveCfg = Debug|Any CPU
		{E401A93F-CED7-454C-B12E-C913A909B18D}.Debug|Any CPU.Build.0 = Debug|Any CPU
		{E401A93F-CED7-454C-B12E-C913A909B18D}.Debug|x64.ActiveCfg = Debug|Any CPU
		{E401A93F-CED7-454C-B12E-C913A909B18D}.Debug|x64.Build.0 = Debug|Any CPU
		{E401A93F-CED7-454C-B12E-C913A909B18D}.Debug|x86.ActiveCfg = Debug|Any CPU
		{E401A93F-CED7-454C-B12E-C913A909B18D}.Debug|x86.Build.0 = Debug|Any CPU
		{E401A93F-CED7-454C-B12E-C913A909B18D}.Release|Any CPU.ActiveCfg = Release|Any CPU
		{E401A93F-CED7-454C-B12E-C913A909B18D}.Release|Any CPU.Build.0 = Release|Any CPU
		{E401A93F-CED7-454C-B12E-C913A909B18D}.Release|x64.ActiveCfg = Release|Any CPU
		{E401A93F-CED7-454C-B12E-C913A909B18D}.Release|x64.Build.0 = Release|Any CPU
		{E401A93F-CED7-454C-B12E-C913A909B18D}.Release|x86.ActiveCfg = Release|Any CPU
		{E401A93F-CED7-454C-B12E-C913A909B18D}.Release|x86.Build.0 = Release|Any CPU
		{7FB20BE4-4731-459F-8EEA-536BEF5BFD47}.Debug|Any CPU.ActiveCfg = Debug|Any CPU
		{7FB20BE4-4731-459F-8EEA-536BEF5BFD47}.Debug|Any CPU.Build.0 = Debug|Any CPU
		{7FB20BE4-4731-459F-8EEA-536BEF5BFD47}.Debug|x64.ActiveCfg = Debug|Any CPU
		{7FB20BE4-4731-459F-8EEA-536BEF5BFD47}.Debug|x64.Build.0 = Debug|Any CPU
		{7FB20BE4-4731-459F-8EEA-536BEF5BFD47}.Debug|x86.ActiveCfg = Debug|Any CPU
		{7FB20BE4-4731-459F-8EEA-536BEF5BFD47}.Debug|x86.Build.0 = Debug|Any CPU
		{7FB20BE4-4731-459F-8EEA-536BEF5BFD47}.Release|Any CPU.ActiveCfg = Release|Any CPU
		{7FB20BE4-4731-459F-8EEA-536BEF5BFD47}.Release|Any CPU.Build.0 = Release|Any CPU
		{7FB20BE4-4731-459F-8EEA-536BEF5BFD47}.Release|x64.ActiveCfg = Release|Any CPU
		{7FB20BE4-4731-459F-8EEA-536BEF5BFD47}.Release|x64.Build.0 = Release|Any CPU
		{7FB20BE4-4731-459F-8EEA-536BEF5BFD47}.Release|x86.ActiveCfg = Release|Any CPU
		{7FB20BE4-4731-459F-8EEA-536BEF5BFD47}.Release|x86.Build.0 = Release|Any CPU
		{146FBB48-5B36-40C6-BB83-B9E994DE72F1}.Debug|Any CPU.ActiveCfg = Debug|Any CPU
		{146FBB48-5B36-40C6-BB83-B9E994DE72F1}.Debug|Any CPU.Build.0 = Debug|Any CPU
		{146FBB48-5B36-40C6-BB83-B9E994DE72F1}.Debug|x64.ActiveCfg = Debug|Any CPU
		{146FBB48-5B36-40C6-BB83-B9E994DE72F1}.Debug|x64.Build.0 = Debug|Any CPU
		{146FBB48-5B36-40C6-BB83-B9E994DE72F1}.Debug|x86.ActiveCfg = Debug|Any CPU
		{146FBB48-5B36-40C6-BB83-B9E994DE72F1}.Debug|x86.Build.0 = Debug|Any CPU
		{146FBB48-5B36-40C6-BB83-B9E994DE72F1}.Release|Any CPU.ActiveCfg = Release|Any CPU
		{146FBB48-5B36-40C6-BB83-B9E994DE72F1}.Release|Any CPU.Build.0 = Release|Any CPU
		{146FBB48-5B36-40C6-BB83-B9E994DE72F1}.Release|x64.ActiveCfg = Release|Any CPU
		{146FBB48-5B36-40C6-BB83-B9E994DE72F1}.Release|x64.Build.0 = Release|Any CPU
		{146FBB48-5B36-40C6-BB83-B9E994DE72F1}.Release|x86.ActiveCfg = Release|Any CPU
		{146FBB48-5B36-40C6-BB83-B9E994DE72F1}.Release|x86.Build.0 = Release|Any CPU
		{559D2B79-EC59-46E9-B0AD-7E55338394C1}.Debug|Any CPU.ActiveCfg = Debug|Any CPU
		{559D2B79-EC59-46E9-B0AD-7E55338394C1}.Debug|Any CPU.Build.0 = Debug|Any CPU
		{559D2B79-EC59-46E9-B0AD-7E55338394C1}.Debug|x64.ActiveCfg = Debug|Any CPU
		{559D2B79-EC59-46E9-B0AD-7E55338394C1}.Debug|x64.Build.0 = Debug|Any CPU
		{559D2B79-EC59-46E9-B0AD-7E55338394C1}.Debug|x86.ActiveCfg = Debug|Any CPU
		{559D2B79-EC59-46E9-B0AD-7E55338394C1}.Debug|x86.Build.0 = Debug|Any CPU
		{559D2B79-EC59-46E9-B0AD-7E55338394C1}.Release|Any CPU.ActiveCfg = Release|Any CPU
		{559D2B79-EC59-46E9-B0AD-7E55338394C1}.Release|Any CPU.Build.0 = Release|Any CPU
		{559D2B79-EC59-46E9-B0AD-7E55338394C1}.Release|x64.ActiveCfg = Release|Any CPU
		{559D2B79-EC59-46E9-B0AD-7E55338394C1}.Release|x64.Build.0 = Release|Any CPU
		{559D2B79-EC59-46E9-B0AD-7E55338394C1}.Release|x86.ActiveCfg = Release|Any CPU
		{559D2B79-EC59-46E9-B0AD-7E55338394C1}.Release|x86.Build.0 = Release|Any CPU
	EndGlobalSection
	GlobalSection(SolutionProperties) = preSolution
		HideSolutionNode = FALSE
	EndGlobalSection
	GlobalSection(NestedProjects) = preSolution
		{409FFD60-3D14-4D34-8186-27DAD9C1AEDA} = {84BC87D1-38B9-4B8E-8DCA-48BC3F036694}
		{E401A93F-CED7-454C-B12E-C913A909B18D} = {84BC87D1-38B9-4B8E-8DCA-48BC3F036694}
		{7FB20BE4-4731-459F-8EEA-536BEF5BFD47} = {84BC87D1-38B9-4B8E-8DCA-48BC3F036694}
		{146FBB48-5B36-40C6-BB83-B9E994DE72F1} = {84BC87D1-38B9-4B8E-8DCA-48BC3F036694}
		{559D2B79-EC59-46E9-B0AD-7E55338394C1} = {84BC87D1-38B9-4B8E-8DCA-48BC3F036694}
	EndGlobalSection
	GlobalSection(ExtensibilityGlobals) = postSolution
		SolutionGuid = {E1EA5EBB-50C7-4659-9105-0B5C4D5409CA}
	EndGlobalSection
EndGlobal
